lockfileVersion: '6.0'

settings:
  autoInstallPeers: true
  excludeLinksFromLockfile: false

dependencies:
  bcryptjs:
    specifier: ^2.4.3
    version: 2.4.3

devDependencies:
  '@types/bcryptjs':
    specifier: ^2.4.4
    version: 2.4.4

packages:

  /@types/bcryptjs@2.4.4:
    resolution: {integrity: sha512-9wlJI7k5gRyJEC4yrV7DubzNQFTPiykYxUA6lBtsk5NlOfW9oWLJ1HdIA4YtE+6C3i3mTpDQQEosJ2rVZfBWnw==}
    dev: true

  /bcryptjs@2.4.3:
    resolution: {integrity: sha512-V/Hy/X9Vt7f3BbPJEi8BdVFMByHi+jNXrYkW3huaybV/kQ0KJg0Y6PkEMbn+zeT+i+SiKZ/HMqJGIIt4LZDqNQ==}
    dev: false
